
Microsoft Visual Studio Solution File, Format Version 12.00
# Visual Studio Version 16
VisualStudioVersion = 16.0.29609.76
MinimumVisualStudioVersion = 10.0.40219.1
Project("{FAE04EC0-301F-11D3-BF4B-00C04F79EFBC}") = "ParesImparesNegativosInteiros", "ParesImparesNegativosInteiros.csproj", "{F8E214E5-043E-48B1-A080-5134FF4A399F}"
EndProject
Global
	GlobalSection(SolutionConfigurationPlatforms) = preSolution
		Debug|Any CPU = Debug|Any CPU
		Release|Any CPU = Release|Any CPU
	EndGlobalSection
	GlobalSection(ProjectConfigurationPlatforms) = postSolution
		{F8E214E5-043E-48B1-A080-5134FF4A399F}.Debug|Any CPU.ActiveCfg = Debug|Any CPU
		{F8E214E5-043E-48B1-A080-5134FF4A399F}.Debug|Any CPU.Build.0 = Debug|Any CPU
		{F8E214E5-043E-48B1-A080-5134FF4A399F}.Release|Any CPU.ActiveCfg = Release|Any CPU
		{F8E214E5-043E-48B1-A080-5134FF4A399F}.Release|Any CPU.Build.0 = Release|Any CPU
	EndGlobalSection
	GlobalSection(SolutionProperties) = preSolution
		HideSolutionNode = FALSE
	EndGlobalSection
	GlobalSection(ExtensibilityGlobals) = postSolution
		SolutionGuid = {4D4A1B8F-1863-466D-8E72-B1DB3B6EF4C5}
	EndGlobalSection
EndGlobal
