
Microsoft Visual Studio Solution File, Format Version 12.00
# Visual Studio Version 16
VisualStudioVersion = 16.0.29609.76
MinimumVisualStudioVersion = 10.0.40219.1
Project("{FAE04EC0-301F-11D3-BF4B-00C04F79EFBC}") = "ProdutoSimples", "ProdutoSimples.csproj", "{A5CC3E48-1A99-4A6F-B891-C2CE43BC4B6A}"
EndProject
Global
	GlobalSection(SolutionConfigurationPlatforms) = preSolution
		Debug|Any CPU = Debug|Any CPU
		Release|Any CPU = Release|Any CPU
	EndGlobalSection
	GlobalSection(ProjectConfigurationPlatforms) = postSolution
		{A5CC3E48-1A99-4A6F-B891-C2CE43BC4B6A}.Debug|Any CPU.ActiveCfg = Debug|Any CPU
		{A5CC3E48-1A99-4A6F-B891-C2CE43BC4B6A}.Debug|Any CPU.Build.0 = Debug|Any CPU
		{A5CC3E48-1A99-4A6F-B891-C2CE43BC4B6A}.Release|Any CPU.ActiveCfg = Release|Any CPU
		{A5CC3E48-1A99-4A6F-B891-C2CE43BC4B6A}.Release|Any CPU.Build.0 = Release|Any CPU
	EndGlobalSection
	GlobalSection(SolutionProperties) = preSolution
		HideSolutionNode = FALSE
	EndGlobalSection
	GlobalSection(ExtensibilityGlobals) = postSolution
		SolutionGuid = {4E8C411C-4708-4AB1-AECC-0E280A9FB492}
	EndGlobalSection
EndGlobal
